// !$*UTF8*$!
{
	archiveVersion = 1;
	classes = {
	};
	objectVersion = 50;
	objects = {

/* Begin PBXBuildFile section */
		8772B497227F55FE00CEED6D /* PhotoCell.swift in Sources */ = {isa = PBXBuildFile; fileRef = 8772B496227F55FE00CEED6D /* PhotoCell.swift */; };
		8772B49F227F6A3F00CEED6D /* DetailViewController.swift in Sources */ = {isa = PBXBuildFile; fileRef = 8772B49E227F6A3F00CEED6D /* DetailViewController.swift */; };
		87F1A0F822481E1C00242B54 /* AppDelegate.swift in Sources */ = {isa = PBXBuildFile; fileRef = 87F1A0F722481E1C00242B54 /* AppDelegate.swift */; };
		87F1A0FA22481E1C00242B54 /* MapViewController.swift in Sources */ = {isa = PBXBuildFile; fileRef = 87F1A0F922481E1C00242B54 /* MapViewController.swift */; };
		87F1A0FD22481E1C00242B54 /* Main.storyboard in Resources */ = {isa = PBXBuildFile; fileRef = 87F1A0FB22481E1C00242B54 /* Main.storyboard */; };
		87F1A10022481E1C00242B54 /* VirtualTourist.xcdatamodeld in Sources */ = {isa = PBXBuildFile; fileRef = 87F1A0FE22481E1C00242B54 /* VirtualTourist.xcdatamodeld */; };
		87F1A10222481E1D00242B54 /* Assets.xcassets in Resources */ = {isa = PBXBuildFile; fileRef = 87F1A10122481E1D00242B54 /* Assets.xcassets */; };
		87F1A10522481E1D00242B54 /* LaunchScreen.storyboard in Resources */ = {isa = PBXBuildFile; fileRef = 87F1A10322481E1D00242B54 /* LaunchScreen.storyboard */; };
/* End PBXBuildFile section */

/* Begin PBXContainerItemProxy section */
		87F1A10C22481E1D00242B54 /* PBXContainerItemProxy */ = {
			isa = PBXContainerItemProxy;
			containerPortal = 87F1A0EC22481E1C00242B54 /* Project object */;
			proxyType = 1;
			remoteGlobalIDString = 87F1A0F322481E1C00242B54;
			remoteInfo = VirtualTourist;
		};
		87F1A11722481E1D00242B54 /* PBXContainerItemProxy */ = {
			isa = PBXContainerItemProxy;
			containerPortal = 87F1A0EC22481E1C00242B54 /* Project object */;
			proxyType = 1;
			remoteGlobalIDString = 87F1A0F322481E1C00242B54;
			remoteInfo = VirtualTourist;
		};
/* End PBXContainerItemProxy section */

/* Begin PBXFileReference section */
		8772B496227F55FE00CEED6D /* PhotoCell.swift */ = {isa = PBXFileReference; lastKnownFileType = sourcecode.swift; path = PhotoCell.swift; sourceTree = "<group>"; };
		8772B49E227F6A3F00CEED6D /* DetailViewController.swift */ = {isa = PBXFileReference; lastKnownFileType = sourcecode.swift; path = DetailViewController.swift; sourceTree = "<group>"; };
		87F1A0F422481E1C00242B54 /* VirtualTourist.app */ = {isa = PBXFileReference; explicitFileType = wrapper.application; includeInIndex = 0; path = VirtualTourist.app; sourceTree = BUILT_PRODUCTS_DIR; };
		87F1A0F722481E1C00242B54 /* AppDelegate.swift */ = {isa = PBXFileReference; lastKnownFileType = sourcecode.swift; path = AppDelegate.swift; sourceTree = "<group>"; };
		87F1A0F922481E1C00242B54 /* MapViewController.swift */ = {isa = PBXFileReference; lastKnownFileType = sourcecode.swift; path = MapViewController.swift; sourceTree = "<group>"; };
		87F1A0FC22481E1C00242B54 /* Base */ = {isa = PBXFileReference; lastKnownFileType = file.storyboard; name = Base; path = Base.lproj/Main.storyboard; sourceTree = "<group>"; };
		87F1A0FF22481E1C00242B54 /* VirtualTourist.xcdatamodel */ = {isa = PBXFileReference; lastKnownFileType = wrapper.xcdatamodel; path = VirtualTourist.xcdatamodel; sourceTree = "<group>"; };
		87F1A10122481E1D00242B54 /* Assets.xcassets */ = {isa = PBXFileReference; lastKnownFileType = folder.assetcatalog; path = Assets.xcassets; sourceTree = "<group>"; };
		87F1A10422481E1D00242B54 /* Base */ = {isa = PBXFileReference; lastKnownFileType = file.storyboard; name = Base; path = Base.lproj/LaunchScreen.storyboard; sourceTree = "<group>"; };
		87F1A10622481E1D00242B54 /* Info.plist */ = {isa = PBXFileReference; lastKnownFileType = text.plist.xml; path = Info.plist; sourceTree = "<group>"; };
		87F1A10B22481E1D00242B54 /* VirtualTouristTests.xctest */ = {isa = PBXFileReference; explicitFileType = wrapper.cfbundle; includeInIndex = 0; path = VirtualTouristTests.xctest; sourceTree = BUILT_PRODUCTS_DIR; };
		87F1A11622481E1D00242B54 /* VirtualTouristUITests.xctest */ = {isa = PBXFileReference; explicitFileType = wrapper.cfbundle; includeInIndex = 0; path = VirtualTouristUITests.xctest; sourceTree = BUILT_PRODUCTS_DIR; };
/* End PBXFileReference section */

/* Begin PBXFrameworksBuildPhase section */
		87F1A0F122481E1C00242B54 /* Frameworks */ = {
			isa = PBXFrameworksBuildPhase;
			buildActionMask = 2147483647;
			files = (
			);
			runOnlyForDeploymentPostprocessing = 0;
		};
		87F1A10822481E1D00242B54 /* Frameworks */ = {
			isa = PBXFrameworksBuildPhase;
			buildActionMask = 2147483647;
			files = (
			);
			runOnlyForDeploymentPostprocessing = 0;
		};
		87F1A11322481E1D00242B54 /* Frameworks */ = {
			isa = PBXFrameworksBuildPhase;
			buildActionMask = 2147483647;
			files = (
			);
			runOnlyForDeploymentPostprocessing = 0;
		};
/* End PBXFrameworksBuildPhase section */

/* Begin PBXGroup section */
		8772B495227F55E200CEED6D /* Model */ = {
			isa = PBXGroup;
			children = (
				87F1A0FE22481E1C00242B54 /* VirtualTourist.xcdatamodeld */,
				8772B496227F55FE00CEED6D /* PhotoCell.swift */,
			);
			path = Model;
			sourceTree = "<group>";
		};
		8772B498227F64D000CEED6D /* Controller */ = {
			isa = PBXGroup;
			children = (
				87F1A0F922481E1C00242B54 /* MapViewController.swift */,
				8772B49E227F6A3F00CEED6D /* DetailViewController.swift */,
			);
			path = Controller;
			sourceTree = "<group>";
		};
		8772B49A227F650F00CEED6D /* Storyboard */ = {
			isa = PBXGroup;
			children = (
				87F1A0FB22481E1C00242B54 /* Main.storyboard */,
				87F1A10322481E1D00242B54 /* LaunchScreen.storyboard */,
			);
			path = Storyboard;
			sourceTree = "<group>";
		};
		8772B49B227F652300CEED6D /* Remote */ = {
			isa = PBXGroup;
			children = (
			);
			path = Remote;
			sourceTree = "<group>";
		};
		8772B49C227F654C00CEED6D /* Extension */ = {
			isa = PBXGroup;
			children = (
			);
			path = Extension;
			sourceTree = "<group>";
		};
		8772B49D227F656300CEED6D /* Resource */ = {
			isa = PBXGroup;
			children = (
				87F1A10122481E1D00242B54 /* Assets.xcassets */,
				87F1A10622481E1D00242B54 /* Info.plist */,
			);
			path = Resource;
			sourceTree = "<group>";
		};
		87F1A0EB22481E1C00242B54 = {
			isa = PBXGroup;
			children = (
				87F1A0F622481E1C00242B54 /* VirtualTourist */,
				87F1A0F522481E1C00242B54 /* Products */,
			);
			sourceTree = "<group>";
		};
		87F1A0F522481E1C00242B54 /* Products */ = {
			isa = PBXGroup;
			children = (
				87F1A0F422481E1C00242B54 /* VirtualTourist.app */,
				87F1A10B22481E1D00242B54 /* VirtualTouristTests.xctest */,
				87F1A11622481E1D00242B54 /* VirtualTouristUITests.xctest */,
			);
			name = Products;
			sourceTree = "<group>";
		};
		87F1A0F622481E1C00242B54 /* VirtualTourist */ = {
			isa = PBXGroup;
			children = (
				8772B49D227F656300CEED6D /* Resource */,
				8772B49C227F654C00CEED6D /* Extension */,
				8772B49B227F652300CEED6D /* Remote */,
				8772B49A227F650F00CEED6D /* Storyboard */,
				8772B498227F64D000CEED6D /* Controller */,
				8772B495227F55E200CEED6D /* Model */,
				87F1A0F722481E1C00242B54 /* AppDelegate.swift */,
			);
			path = VirtualTourist;
			sourceTree = "<group>";
		};
/* End PBXGroup section */

/* Begin PBXNativeTarget section */
		87F1A0F322481E1C00242B54 /* VirtualTourist */ = {
			isa = PBXNativeTarget;
			buildConfigurationList = 87F1A11F22481E1D00242B54 /* Build configuration list for PBXNativeTarget "VirtualTourist" */;
			buildPhases = (
				87F1A0F022481E1C00242B54 /* Sources */,
				87F1A0F122481E1C00242B54 /* Frameworks */,
				87F1A0F222481E1C00242B54 /* Resources */,
			);
			buildRules = (
			);
			dependencies = (
			);
			name = VirtualTourist;
			productName = VirtualTourist;
			productReference = 87F1A0F422481E1C00242B54 /* VirtualTourist.app */;
			productType = "com.apple.product-type.application";
		};
		87F1A10A22481E1D00242B54 /* VirtualTouristTests */ = {
			isa = PBXNativeTarget;
			buildConfigurationList = 87F1A12222481E1D00242B54 /* Build configuration list for PBXNativeTarget "VirtualTouristTests" */;
			buildPhases = (
				87F1A10722481E1D00242B54 /* Sources */,
				87F1A10822481E1D00242B54 /* Frameworks */,
				87F1A10922481E1D00242B54 /* Resources */,
			);
			buildRules = (
			);
			dependencies = (
				87F1A10D22481E1D00242B54 /* PBXTargetDependency */,
			);
			name = VirtualTouristTests;
			productName = VirtualTouristTests;
			productReference = 87F1A10B22481E1D00242B54 /* VirtualTouristTests.xctest */;
			productType = "com.apple.product-type.bundle.unit-test";
		};
		87F1A11522481E1D00242B54 /* VirtualTouristUITests */ = {
			isa = PBXNativeTarget;
			buildConfigurationList = 87F1A12522481E1D00242B54 /* Build configuration list for PBXNativeTarget "VirtualTouristUITests" */;
			buildPhases = (
				87F1A11222481E1D00242B54 /* Sources */,
				87F1A11322481E1D00242B54 /* Frameworks */,
				87F1A11422481E1D00242B54 /* Resources */,
			);
			buildRules = (
			);
			dependencies = (
				87F1A11822481E1D00242B54 /* PBXTargetDependency */,
			);
			name = VirtualTouristUITests;
			productName = VirtualTouristUITests;
			productReference = 87F1A11622481E1D00242B54 /* VirtualTouristUITests.xctest */;
			productType = "com.apple.product-type.bundle.ui-testing";
		};
/* End PBXNativeTarget section */

/* Begin PBXProject section */
		87F1A0EC22481E1C00242B54 /* Project object */ = {
			isa = PBXProject;
			attributes = {
				LastSwiftUpdateCheck = 1010;
				LastUpgradeCheck = 1010;
				ORGANIZATIONNAME = "José Naves Moura Neto";
				TargetAttributes = {
					87F1A0F322481E1C00242B54 = {
						CreatedOnToolsVersion = 10.1;
						LastSwiftMigration = 1020;
					};
					87F1A10A22481E1D00242B54 = {
						CreatedOnToolsVersion = 10.1;
						LastSwiftMigration = 1020;
						TestTargetID = 87F1A0F322481E1C00242B54;
					};
					87F1A11522481E1D00242B54 = {
						CreatedOnToolsVersion = 10.1;
						LastSwiftMigration = 1020;
						TestTargetID = 87F1A0F322481E1C00242B54;
					};
				};
			};
			buildConfigurationList = 87F1A0EF22481E1C00242B54 /* Build configuration list for PBXProject "VirtualTourist" */;
			compatibilityVersion = "Xcode 9.3";
			developmentRegion = en;
			hasScannedForEncodings = 0;
			knownRegions = (
				en,
				Base,
			);
			mainGroup = 87F1A0EB22481E1C00242B54;
			productRefGroup = 87F1A0F522481E1C00242B54 /* Products */;
			projectDirPath = "";
			projectRoot = "";
			targets = (
				87F1A0F322481E1C00242B54 /* VirtualTourist */,
				87F1A10A22481E1D00242B54 /* VirtualTouristTests */,
				87F1A11522481E1D00242B54 /* VirtualTouristUITests */,
			);
		};
/* End PBXProject section */

/* Begin PBXResourcesBuildPhase section */
		87F1A0F222481E1C00242B54 /* Resources */ = {
			isa = PBXResourcesBuildPhase;
			buildActionMask = 2147483647;
			files = (
				87F1A10522481E1D00242B54 /* LaunchScreen.storyboard in Resources */,
				87F1A10222481E1D00242B54 /* Assets.xcassets in Resources */,
				87F1A0FD22481E1C00242B54 /* Main.storyboard in Resources */,
			);
			runOnlyForDeploymentPostprocessing = 0;
		};
		87F1A10922481E1D00242B54 /* Resources */ = {
			isa = PBXResourcesBuildPhase;
			buildActionMask = 2147483647;
			files = (
			);
			runOnlyForDeploymentPostprocessing = 0;
		};
		87F1A11422481E1D00242B54 /* Resources */ = {
			isa = PBXResourcesBuildPhase;
			buildActionMask = 2147483647;
			files = (
			);
			runOnlyForDeploymentPostprocessing = 0;
		};
/* End PBXResourcesBuildPhase section */

/* Begin PBXSourcesBuildPhase section */
		87F1A0F022481E1C00242B54 /* Sources */ = {
			isa = PBXSourcesBuildPhase;
			buildActionMask = 2147483647;
			files = (
				8772B497227F55FE00CEED6D /* PhotoCell.swift in Sources */,
				87F1A0FA22481E1C00242B54 /* MapViewController.swift in Sources */,
				8772B49F227F6A3F00CEED6D /* DetailViewController.swift in Sources */,
				87F1A0F822481E1C00242B54 /* AppDelegate.swift in Sources */,
				87F1A10022481E1C00242B54 /* VirtualTourist.xcdatamodeld in Sources */,
			);
			runOnlyForDeploymentPostprocessing = 0;
		};
		87F1A10722481E1D00242B54 /* Sources */ = {
			isa = PBXSourcesBuildPhase;
			buildActionMask = 2147483647;
			files = (
			);
			runOnlyForDeploymentPostprocessing = 0;
		};
		87F1A11222481E1D00242B54 /* Sources */ = {
			isa = PBXSourcesBuildPhase;
			buildActionMask = 2147483647;
			files = (
			);
			runOnlyForDeploymentPostprocessing = 0;
		};
/* End PBXSourcesBuildPhase section */

/* Begin PBXTargetDependency section */
		87F1A10D22481E1D00242B54 /* PBXTargetDependency */ = {
			isa = PBXTargetDependency;
			target = 87F1A0F322481E1C00242B54 /* VirtualTourist */;
			targetProxy = 87F1A10C22481E1D00242B54 /* PBXContainerItemProxy */;
		};
		87F1A11822481E1D00242B54 /* PBXTargetDependency */ = {
			isa = PBXTargetDependency;
			target = 87F1A0F322481E1C00242B54 /* VirtualTourist */;
			targetProxy = 87F1A11722481E1D00242B54 /* PBXContainerItemProxy */;
		};
/* End PBXTargetDependency section */

/* Begin PBXVariantGroup section */
		87F1A0FB22481E1C00242B54 /* Main.storyboard */ = {
			isa = PBXVariantGroup;
			children = (
				87F1A0FC22481E1C00242B54 /* Base */,
			);
			name = Main.storyboard;
			sourceTree = "<group>";
		};
		87F1A10322481E1D00242B54 /* LaunchScreen.storyboard */ = {
			isa = PBXVariantGroup;
			children = (
				87F1A10422481E1D00242B54 /* Base */,
			);
			name = LaunchScreen.storyboard;
			sourceTree = "<group>";
		};
/* End PBXVariantGroup section */

/* Begin XCBuildConfiguration section */
		87F1A11D22481E1D00242B54 /* Debug */ = {
			isa = XCBuildConfiguration;
			buildSettings = {
				ALWAYS_SEARCH_USER_PATHS = NO;
				CLANG_ANALYZER_NONNULL = YES;
				CLANG_ANALYZER_NUMBER_OBJECT_CONVERSION = YES_AGGRESSIVE;
				CLANG_CXX_LANGUAGE_STANDARD = "gnu++14";
				CLANG_CXX_LIBRARY = "libc++";
				CLANG_ENABLE_MODULES = YES;
				CLANG_ENABLE_OBJC_ARC = YES;
				CLANG_ENABLE_OBJC_WEAK = YES;
				CLANG_WARN_BLOCK_CAPTURE_AUTORELEASING = YES;
				CLANG_WARN_BOOL_CONVERSION = YES;
				CLANG_WARN_COMMA = YES;
				CLANG_WARN_CONSTANT_CONVERSION = YES;
				CLANG_WARN_DEPRECATED_OBJC_IMPLEMENTATIONS = YES;
				CLANG_WARN_DIRECT_OBJC_ISA_USAGE = YES_ERROR;
				CLANG_WARN_DOCUMENTATION_COMMENTS = YES;
				CLANG_WARN_EMPTY_BODY = YES;
				CLANG_WARN_ENUM_CONVERSION = YES;
				CLANG_WARN_INFINITE_RECURSION = YES;
				CLANG_WARN_INT_CONVERSION = YES;
				CLANG_WARN_NON_LITERAL_NULL_CONVERSION = YES;
				CLANG_WARN_OBJC_IMPLICIT_RETAIN_SELF = YES;
				CLANG_WARN_OBJC_LITERAL_CONVERSION = YES;
				CLANG_WARN_OBJC_ROOT_CLASS = YES_ERROR;
				CLANG_WARN_RANGE_LOOP_ANALYSIS = YES;
				CLANG_WARN_STRICT_PROTOTYPES = YES;
				CLANG_WARN_SUSPICIOUS_MOVE = YES;
				CLANG_WARN_UNGUARDED_AVAILABILITY = YES_AGGRESSIVE;
				CLANG_WARN_UNREACHABLE_CODE = YES;
				CLANG_WARN__DUPLICATE_METHOD_MATCH = YES;
				CODE_SIGN_IDENTITY = "iPhone Developer";
				COPY_PHASE_STRIP = NO;
				DEBUG_INFORMATION_FORMAT = dwarf;
				ENABLE_STRICT_OBJC_MSGSEND = YES;
				ENABLE_TESTABILITY = YES;
				GCC_C_LANGUAGE_STANDARD = gnu11;
				GCC_DYNAMIC_NO_PIC = NO;
				GCC_NO_COMMON_BLOCKS = YES;
				GCC_OPTIMIZATION_LEVEL = 0;
				GCC_PREPROCESSOR_DEFINITIONS = (
					"DEBUG=1",
					"$(inherited)",
				);
				GCC_WARN_64_TO_32_BIT_CONVERSION = YES;
				GCC_WARN_ABOUT_RETURN_TYPE = YES_ERROR;
				GCC_WARN_UNDECLARED_SELECTOR = YES;
				GCC_WARN_UNINITIALIZED_AUTOS = YES_AGGRESSIVE;
				GCC_WARN_UNUSED_FUNCTION = YES;
				GCC_WARN_UNUSED_VARIABLE = YES;
				IPHONEOS_DEPLOYMENT_TARGET = 12.1;
				MTL_ENABLE_DEBUG_INFO = INCLUDE_SOURCE;
				MTL_FAST_MATH = YES;
				ONLY_ACTIVE_ARCH = YES;
				SDKROOT = iphoneos;
				SWIFT_ACTIVE_COMPILATION_CONDITIONS = DEBUG;
				SWIFT_OPTIMIZATION_LEVEL = "-Onone";
			};
			name = Debug;
		};
		87F1A11E22481E1D00242B54 /* Release */ = {
			isa = XCBuildConfiguration;
			buildSettings = {
				ALWAYS_SEARCH_USER_PATHS = NO;
				CLANG_ANALYZER_NONNULL = YES;
				CLANG_ANALYZER_NUMBER_OBJECT_CONVERSION = YES_AGGRESSIVE;
				CLANG_CXX_LANGUAGE_STANDARD = "gnu++14";
				CLANG_CXX_LIBRARY = "libc++";
				CLANG_ENABLE_MODULES = YES;
				CLANG_ENABLE_OBJC_ARC = YES;
				CLANG_ENABLE_OBJC_WEAK = YES;
				CLANG_WARN_BLOCK_CAPTURE_AUTORELEASING = YES;
				CLANG_WARN_BOOL_CONVERSION = YES;
				CLANG_WARN_COMMA = YES;
				CLANG_WARN_CONSTANT_CONVERSION = YES;
				CLANG_WARN_DEPRECATED_OBJC_IMPLEMENTATIONS = YES;
				CLANG_WARN_DIRECT_OBJC_ISA_USAGE = YES_ERROR;
				CLANG_WARN_DOCUMENTATION_COMMENTS = YES;
				CLANG_WARN_EMPTY_BODY = YES;
				CLANG_WARN_ENUM_CONVERSION = YES;
				CLANG_WARN_INFINITE_RECURSION = YES;
				CLANG_WARN_INT_CONVERSION = YES;
				CLANG_WARN_NON_LITERAL_NULL_CONVERSION = YES;
				CLANG_WARN_OBJC_IMPLICIT_RETAIN_SELF = YES;
				CLANG_WARN_OBJC_LITERAL_CONVERSION = YES;
				CLANG_WARN_OBJC_ROOT_CLASS = YES_ERROR;
				CLANG_WARN_RANGE_LOOP_ANALYSIS = YES;
				CLANG_WARN_STRICT_PROTOTYPES = YES;
				CLANG_WARN_SUSPICIOUS_MOVE = YES;
				CLANG_WARN_UNGUARDED_AVAILABILITY = YES_AGGRESSIVE;
				CLANG_WARN_UNREACHABLE_CODE = YES;
				CLANG_WARN__DUPLICATE_METHOD_MATCH = YES;
				CODE_SIGN_IDENTITY = "iPhone Developer";
				COPY_PHASE_STRIP = NO;
				DEBUG_INFORMATION_FORMAT = "dwarf-with-dsym";
				ENABLE_NS_ASSERTIONS = NO;
				ENABLE_STRICT_OBJC_MSGSEND = YES;
				GCC_C_LANGUAGE_STANDARD = gnu11;
				GCC_NO_COMMON_BLOCKS = YES;
				GCC_WARN_64_TO_32_BIT_CONVERSION = YES;
				GCC_WARN_ABOUT_RETURN_TYPE = YES_ERROR;
				GCC_WARN_UNDECLARED_SELECTOR = YES;
				GCC_WARN_UNINITIALIZED_AUTOS = YES_AGGRESSIVE;
				GCC_WARN_UNUSED_FUNCTION = YES;
				GCC_WARN_UNUSED_VARIABLE = YES;
				IPHONEOS_DEPLOYMENT_TARGET = 12.1;
				MTL_ENABLE_DEBUG_INFO = NO;
				MTL_FAST_MATH = YES;
				SDKROOT = iphoneos;
				SWIFT_COMPILATION_MODE = wholemodule;
				SWIFT_OPTIMIZATION_LEVEL = "-O";
				VALIDATE_PRODUCT = YES;
			};
			name = Release;
		};
		87F1A12022481E1D00242B54 /* Debug */ = {
			isa = XCBuildConfiguration;
			buildSettings = {
				ASSETCATALOG_COMPILER_APPICON_NAME = AppIcon;
				CODE_SIGN_STYLE = Automatic;
				DEVELOPMENT_TEAM = 8K8L59XB48;
				INFOPLIST_FILE = "$(SRCROOT)/VirtualTourist/Resource/Info.plist";
				LD_RUNPATH_SEARCH_PATHS = (
					"$(inherited)",
					"@executable_path/Frameworks",
				);
				PRODUCT_BUNDLE_IDENTIFIER = com.josenaves.VirtualTourist;
				PRODUCT_NAME = "$(TARGET_NAME)";
				SWIFT_VERSION = 5.0;
				TARGETED_DEVICE_FAMILY = "1,2";
			};
			name = Debug;
		};
		87F1A12122481E1D00242B54 /* Release */ = {
			isa = XCBuildConfiguration;
			buildSettings = {
				ASSETCATALOG_COMPILER_APPICON_NAME = AppIcon;
				CODE_SIGN_STYLE = Automatic;
				DEVELOPMENT_TEAM = 8K8L59XB48;
				INFOPLIST_FILE = "$(SRCROOT)/VirtualTourist/Resource/Info.plist";
				LD_RUNPATH_SEARCH_PATHS = (
					"$(inherited)",
					"@executable_path/Frameworks",
				);
				PRODUCT_BUNDLE_IDENTIFIER = com.josenaves.VirtualTourist;
				PRODUCT_NAME = "$(TARGET_NAME)";
				SWIFT_VERSION = 5.0;
				TARGETED_DEVICE_FAMILY = "1,2";
			};
			name = Release;
		};
		87F1A12322481E1D00242B54 /* Debug */ = {
			isa = XCBuildConfiguration;
			buildSettings = {
				ALWAYS_EMBED_SWIFT_STANDARD_LIBRARIES = YES;
				BUNDLE_LOADER = "$(TEST_HOST)";
				CODE_SIGN_STYLE = Automatic;
				DEVELOPMENT_TEAM = 8K8L59XB48;
				INFOPLIST_FILE = VirtualTouristTests/Info.plist;
				LD_RUNPATH_SEARCH_PATHS = (
					"$(inherited)",
					"@executable_path/Frameworks",
					"@loader_path/Frameworks",
				);
				PRODUCT_BUNDLE_IDENTIFIER = josenaves.com.VirtualTouristTests;
				PRODUCT_NAME = "$(TARGET_NAME)";
				SWIFT_VERSION = 5.0;
				TARGETED_DEVICE_FAMILY = "1,2";
				TEST_HOST = "$(BUILT_PRODUCTS_DIR)/VirtualTourist.app/VirtualTourist";
			};
			name = Debug;
		};
		87F1A12422481E1D00242B54 /* Release */ = {
			isa = XCBuildConfiguration;
			buildSettings = {
				ALWAYS_EMBED_SWIFT_STANDARD_LIBRARIES = YES;
				BUNDLE_LOADER = "$(TEST_HOST)";
				CODE_SIGN_STYLE = Automatic;
				DEVELOPMENT_TEAM = 8K8L59XB48;
				INFOPLIST_FILE = VirtualTouristTests/Info.plist;
				LD_RUNPATH_SEARCH_PATHS = (
					"$(inherited)",
					"@executable_path/Frameworks",
					"@loader_path/Frameworks",
				);
				PRODUCT_BUNDLE_IDENTIFIER = josenaves.com.VirtualTouristTests;
				PRODUCT_NAME = "$(TARGET_NAME)";
				SWIFT_VERSION = 5.0;
				TARGETED_DEVICE_FAMILY = "1,2";
				TEST_HOST = "$(BUILT_PRODUCTS_DIR)/VirtualTourist.app/VirtualTourist";
			};
			name = Release;
		};
		87F1A12622481E1D00242B54 /* Debug */ = {
			isa = XCBuildConfiguration;
			buildSettings = {
				ALWAYS_EMBED_SWIFT_STANDARD_LIBRARIES = YES;
				CODE_SIGN_STYLE = Automatic;
				DEVELOPMENT_TEAM = 8K8L59XB48;
				INFOPLIST_FILE = VirtualTouristUITests/Info.plist;
				LD_RUNPATH_SEARCH_PATHS = (
					"$(inherited)",
					"@executable_path/Frameworks",
					"@loader_path/Frameworks",
				);
				PRODUCT_BUNDLE_IDENTIFIER = josenaves.com.VirtualTouristUITests;
				PRODUCT_NAME = "$(TARGET_NAME)";
				SWIFT_VERSION = 5.0;
				TARGETED_DEVICE_FAMILY = "1,2";
				TEST_TARGET_NAME = VirtualTourist;
			};
			name = Debug;
		};
		87F1A12722481E1D00242B54 /* Release */ = {
			isa = XCBuildConfiguration;
			buildSettings = {
				ALWAYS_EMBED_SWIFT_STANDARD_LIBRARIES = YES;
				CODE_SIGN_STYLE = Automatic;
				DEVELOPMENT_TEAM = 8K8L59XB48;
				INFOPLIST_FILE = VirtualTouristUITests/Info.plist;
				LD_RUNPATH_SEARCH_PATHS = (
					"$(inherited)",
					"@executable_path/Frameworks",
					"@loader_path/Frameworks",
				);
				PRODUCT_BUNDLE_IDENTIFIER = josenaves.com.VirtualTouristUITests;
				PRODUCT_NAME = "$(TARGET_NAME)";
				SWIFT_VERSION = 5.0;
				TARGETED_DEVICE_FAMILY = "1,2";
				TEST_TARGET_NAME = VirtualTourist;
			};
			name = Release;
		};
/* End XCBuildConfiguration section */

/* Begin XCConfigurationList section */
		87F1A0EF22481E1C00242B54 /* Build configuration list for PBXProject "VirtualTourist" */ = {
			isa = XCConfigurationList;
			buildConfigurations = (
				87F1A11D22481E1D00242B54 /* Debug */,
				87F1A11E22481E1D00242B54 /* Release */,
			);
			defaultConfigurationIsVisible = 0;
			defaultConfigurationName = Release;
		};
		87F1A11F22481E1D00242B54 /* Build configuration list for PBXNativeTarget "VirtualTourist" */ = {
			isa = XCConfigurationList;
			buildConfigurations = (
				87F1A12022481E1D00242B54 /* Debug */,
				87F1A12122481E1D00242B54 /* Release */,
			);
			defaultConfigurationIsVisible = 0;
			defaultConfigurationName = Release;
		};
		87F1A12222481E1D00242B54 /* Build configuration list for PBXNativeTarget "VirtualTouristTests" */ = {
			isa = XCConfigurationList;
			buildConfigurations = (
				87F1A12322481E1D00242B54 /* Debug */,
				87F1A12422481E1D00242B54 /* Release */,
			);
			defaultConfigurationIsVisible = 0;
			defaultConfigurationName = Release;
		};
		87F1A12522481E1D00242B54 /* Build configuration list for PBXNativeTarget "VirtualTouristUITests" */ = {
			isa = XCConfigurationList;
			buildConfigurations = (
				87F1A12622481E1D00242B54 /* Debug */,
				87F1A12722481E1D00242B54 /* Release */,
			);
			defaultConfigurationIsVisible = 0;
			defaultConfigurationName = Release;
		};
/* End XCConfigurationList section */

/* Begin XCVersionGroup section */
		87F1A0FE22481E1C00242B54 /* VirtualTourist.xcdatamodeld */ = {
			isa = XCVersionGroup;
			children = (
				87F1A0FF22481E1C00242B54 /* VirtualTourist.xcdatamodel */,
			);
			currentVersion = 87F1A0FF22481E1C00242B54 /* VirtualTourist.xcdatamodel */;
			path = VirtualTourist.xcdatamodeld;
			sourceTree = "<group>";
			versionGroupType = wrapper.xcdatamodel;
		};
/* End XCVersionGroup section */
	};
	rootObject = 87F1A0EC22481E1C00242B54 /* Project object */;
}
